
Microsoft Visual Studio Solution File, Format Version 12.00
# Visual Studio Version 16
VisualStudioVersion = 16.0.31410.357
MinimumVisualStudioVersion = 10.0.40219.1
Project("{9A19103F-16F7-4668-BE54-9A1E7A4F7556}") = "Detasutorimu", "Detasutorimu\Detasutorimu.csproj", "{049A2CFF-F390-4B13-AAE1-120DDB6D4359}"
EndProject
Project("{9A19103F-16F7-4668-BE54-9A1E7A4F7556}") = "Detasutorimu.Example", "Detasutorimu.Example\Detasutorimu.Example.csproj", "{F91C4B45-3986-4866-8AEF-9A0714EB318D}"
EndProject
Project("{FAE04EC0-301F-11D3-BF4B-00C04F79EFBC}") = "Detasutorimu.Tests", "Detasutorimu.Tests\Detasutorimu.Tests.csproj", "{C679E71C-F7FB-4C94-B7B7-F7FFC46E3F38}"
EndProject
Global
	GlobalSection(SolutionConfigurationPlatforms) = preSolution
		Debug|Any CPU = Debug|Any CPU
		Release|Any CPU = Release|Any CPU
	EndGlobalSection
	GlobalSection(ProjectConfigurationPlatforms) = postSolution
		{049A2CFF-F390-4B13-AAE1-120DDB6D4359}.Debug|Any CPU.ActiveCfg = Debug|Any CPU
		{049A2CFF-F390-4B13-AAE1-120DDB6D4359}.Debug|Any CPU.Build.0 = Debug|Any CPU
		{049A2CFF-F390-4B13-AAE1-120DDB6D4359}.Release|Any CPU.ActiveCfg = Release|Any CPU
		{049A2CFF-F390-4B13-AAE1-120DDB6D4359}.Release|Any CPU.Build.0 = Release|Any CPU
		{F91C4B45-3986-4866-8AEF-9A0714EB318D}.Debug|Any CPU.ActiveCfg = Debug|Any CPU
		{F91C4B45-3986-4866-8AEF-9A0714EB318D}.Debug|Any CPU.Build.0 = Debug|Any CPU
		{F91C4B45-3986-4866-8AEF-9A0714EB318D}.Release|Any CPU.ActiveCfg = Release|Any CPU
		{F91C4B45-3986-4866-8AEF-9A0714EB318D}.Release|Any CPU.Build.0 = Release|Any CPU
		{C679E71C-F7FB-4C94-B7B7-F7FFC46E3F38}.Debug|Any CPU.ActiveCfg = Debug|Any CPU
		{C679E71C-F7FB-4C94-B7B7-F7FFC46E3F38}.Debug|Any CPU.Build.0 = Debug|Any CPU
		{C679E71C-F7FB-4C94-B7B7-F7FFC46E3F38}.Release|Any CPU.ActiveCfg = Release|Any CPU
		{C679E71C-F7FB-4C94-B7B7-F7FFC46E3F38}.Release|Any CPU.Build.0 = Release|Any CPU
	EndGlobalSection
	GlobalSection(SolutionProperties) = preSolution
		HideSolutionNode = FALSE
	EndGlobalSection
	GlobalSection(ExtensibilityGlobals) = postSolution
		SolutionGuid = {9A419BD5-1211-44D2-B2FB-D6A1C1005BD3}
	EndGlobalSection
EndGlobal
